
Microsoft Visual Studio Solution File, Format Version 12.00
Project("{FAE04EC0-301F-11D3-BF4B-00C04F79EFBC}") = "DotNetTest", "DotNetTest\DotNetTest.csproj", "{79FC77BF-0439-42AA-ACB4-77A6BA20D1D8}"
EndProject
Global
	GlobalSection(SolutionConfigurationPlatforms) = preSolution
		Debug|Any CPU = Debug|Any CPU
		Release|Any CPU = Release|Any CPU
	EndGlobalSection
	GlobalSection(ProjectConfigurationPlatforms) = postSolution
		{79FC77BF-0439-42AA-ACB4-77A6BA20D1D8}.Debug|Any CPU.ActiveCfg = Debug|Any CPU
		{79FC77BF-0439-42AA-ACB4-77A6BA20D1D8}.Debug|Any CPU.Build.0 = Debug|Any CPU
		{79FC77BF-0439-42AA-ACB4-77A6BA20D1D8}.Release|Any CPU.ActiveCfg = Release|Any CPU
		{79FC77BF-0439-42AA-ACB4-77A6BA20D1D8}.Release|Any CPU.Build.0 = Release|Any CPU
	EndGlobalSection
EndGlobal
